// !$*UTF8*$!
{
	archiveVersion = 1;
	classes = {
	};
	objectVersion = 46;
	objects = {

/* Begin PBXBuildFile section */
		CCF41DE21C10345B001FCECC /* main.m in Sources */ = {isa = PBXBuildFile; fileRef = CCF41DE11C10345B001FCECC /* main.m */; };
		CCF41DE51C10345B001FCECC /* AppDelegate.m in Sources */ = {isa = PBXBuildFile; fileRef = CCF41DE41C10345B001FCECC /* AppDelegate.m */; };
		CCF41DE81C10345B001FCECC /* ViewController.m in Sources */ = {isa = PBXBuildFile; fileRef = CCF41DE71C10345B001FCECC /* ViewController.m */; };
		CCF41DEB1C10345B001FCECC /* Main.storyboard in Resources */ = {isa = PBXBuildFile; fileRef = CCF41DE91C10345B001FCECC /* Main.storyboard */; };
		CCF41DED1C10345B001FCECC /* Images.xcassets in Resources */ = {isa = PBXBuildFile; fileRef = CCF41DEC1C10345B001FCECC /* Images.xcassets */; };
		CCF41DF01C10345B001FCECC /* LaunchScreen.xib in Resources */ = {isa = PBXBuildFile; fileRef = CCF41DEE1C10345B001FCECC /* LaunchScreen.xib */; };
		CCF41DFC1C10345B001FCECC /* _4_CustomTableViewCellWithLayoutSubViewTests.m in Sources */ = {isa = PBXBuildFile; fileRef = CCF41DFB1C10345B001FCECC /* _4_CustomTableViewCellWithLayoutSubViewTests.m */; };
		CCF41E071C103616001FCECC /* QYTableViewCell.m in Sources */ = {isa = PBXBuildFile; fileRef = CCF41E061C103616001FCECC /* QYTableViewCell.m */; };
		CCF41E0F1C1039EF001FCECC /* icon0.jpg in Resources */ = {isa = PBXBuildFile; fileRef = CCF41E091C1039EF001FCECC /* icon0.jpg */; };
		CCF41E101C1039EF001FCECC /* icon1.jpg in Resources */ = {isa = PBXBuildFile; fileRef = CCF41E0A1C1039EF001FCECC /* icon1.jpg */; };
		CCF41E111C1039EF001FCECC /* icon2.jpg in Resources */ = {isa = PBXBuildFile; fileRef = CCF41E0B1C1039EF001FCECC /* icon2.jpg */; };
		CCF41E121C1039EF001FCECC /* icon3.jpg in Resources */ = {isa = PBXBuildFile; fileRef = CCF41E0C1C1039EF001FCECC /* icon3.jpg */; };
		CCF41E131C1039EF001FCECC /* icon4.jpg in Resources */ = {isa = PBXBuildFile; fileRef = CCF41E0D1C1039EF001FCECC /* icon4.jpg */; };
		CCF41E141C1039EF001FCECC /* icon5.jpg in Resources */ = {isa = PBXBuildFile; fileRef = CCF41E0E1C1039EF001FCECC /* icon5.jpg */; };
/* End PBXBuildFile section */

/* Begin PBXContainerItemProxy section */
		CCF41DF61C10345B001FCECC /* PBXContainerItemProxy */ = {
			isa = PBXContainerItemProxy;
			containerPortal = CCF41DD41C10345B001FCECC /* Project object */;
			proxyType = 1;
			remoteGlobalIDString = CCF41DDB1C10345B001FCECC;
			remoteInfo = "04-CustomTableViewCellWithLayoutSubView";
		};
/* End PBXContainerItemProxy section */

/* Begin PBXFileReference section */
		CCF41DDC1C10345B001FCECC /* 04-CustomTableViewCellWithLayoutSubView.app */ = {isa = PBXFileReference; explicitFileType = wrapper.application; includeInIndex = 0; path = "04-CustomTableViewCellWithLayoutSubView.app"; sourceTree = BUILT_PRODUCTS_DIR; };
		CCF41DE01C10345B001FCECC /* Info.plist */ = {isa = PBXFileReference; lastKnownFileType = text.plist.xml; path = Info.plist; sourceTree = "<group>"; };
		CCF41DE11C10345B001FCECC /* main.m */ = {isa = PBXFileReference; lastKnownFileType = sourcecode.c.objc; path = main.m; sourceTree = "<group>"; };
		CCF41DE31C10345B001FCECC /* AppDelegate.h */ = {isa = PBXFileReference; lastKnownFileType = sourcecode.c.h; path = AppDelegate.h; sourceTree = "<group>"; };
		CCF41DE41C10345B001FCECC /* AppDelegate.m */ = {isa = PBXFileReference; lastKnownFileType = sourcecode.c.objc; path = AppDelegate.m; sourceTree = "<group>"; };
		CCF41DE61C10345B001FCECC /* ViewController.h */ = {isa = PBXFileReference; lastKnownFileType = sourcecode.c.h; path = ViewController.h; sourceTree = "<group>"; };
		CCF41DE71C10345B001FCECC /* ViewController.m */ = {isa = PBXFileReference; lastKnownFileType = sourcecode.c.objc; path = ViewController.m; sourceTree = "<group>"; };
		CCF41DEA1C10345B001FCECC /* Base */ = {isa = PBXFileReference; lastKnownFileType = file.storyboard; name = Base; path = Base.lproj/Main.storyboard; sourceTree = "<group>"; };
		CCF41DEC1C10345B001FCECC /* Images.xcassets */ = {isa = PBXFileReference; lastKnownFileType = folder.assetcatalog; path = Images.xcassets; sourceTree = "<group>"; };
		CCF41DEF1C10345B001FCECC /* Base */ = {isa = PBXFileReference; lastKnownFileType = file.xib; name = Base; path = Base.lproj/LaunchScreen.xib; sourceTree = "<group>"; };
		CCF41DF51C10345B001FCECC /* 04-CustomTableViewCellWithLayoutSubViewTests.xctest */ = {isa = PBXFileReference; explicitFileType = wrapper.cfbundle; includeInIndex = 0; path = "04-CustomTableViewCellWithLayoutSubViewTests.xctest"; sourceTree = BUILT_PRODUCTS_DIR; };
		CCF41DFA1C10345B001FCECC /* Info.plist */ = {isa = PBXFileReference; lastKnownFileType = text.plist.xml; path = Info.plist; sourceTree = "<group>"; };
		CCF41DFB1C10345B001FCECC /* _4_CustomTableViewCellWithLayoutSubViewTests.m */ = {isa = PBXFileReference; lastKnownFileType = sourcecode.c.objc; path = _4_CustomTableViewCellWithLayoutSubViewTests.m; sourceTree = "<group>"; };
		CCF41E051C103616001FCECC /* QYTableViewCell.h */ = {isa = PBXFileReference; fileEncoding = 4; lastKnownFileType = sourcecode.c.h; path = QYTableViewCell.h; sourceTree = "<group>"; };
		CCF41E061C103616001FCECC /* QYTableViewCell.m */ = {isa = PBXFileReference; fileEncoding = 4; lastKnownFileType = sourcecode.c.objc; path = QYTableViewCell.m; sourceTree = "<group>"; };
		CCF41E091C1039EF001FCECC /* icon0.jpg */ = {isa = PBXFileReference; lastKnownFileType = image.jpeg; path = icon0.jpg; sourceTree = "<group>"; };
		CCF41E0A1C1039EF001FCECC /* icon1.jpg */ = {isa = PBXFileReference; lastKnownFileType = image.jpeg; path = icon1.jpg; sourceTree = "<group>"; };
		CCF41E0B1C1039EF001FCECC /* icon2.jpg */ = {isa = PBXFileReference; lastKnownFileType = image.jpeg; path = icon2.jpg; sourceTree = "<group>"; };
		CCF41E0C1C1039EF001FCECC /* icon3.jpg */ = {isa = PBXFileReference; lastKnownFileType = image.jpeg; path = icon3.jpg; sourceTree = "<group>"; };
		CCF41E0D1C1039EF001FCECC /* icon4.jpg */ = {isa = PBXFileReference; lastKnownFileType = image.jpeg; path = icon4.jpg; sourceTree = "<group>"; };
		CCF41E0E1C1039EF001FCECC /* icon5.jpg */ = {isa = PBXFileReference; lastKnownFileType = image.jpeg; path = icon5.jpg; sourceTree = "<group>"; };
/* End PBXFileReference section */

/* Begin PBXFrameworksBuildPhase section */
		CCF41DD91C10345B001FCECC /* Frameworks */ = {
			isa = PBXFrameworksBuildPhase;
			buildActionMask = 2147483647;
			files = (
			);
			runOnlyForDeploymentPostprocessing = 0;
		};
		CCF41DF21C10345B001FCECC /* Frameworks */ = {
			isa = PBXFrameworksBuildPhase;
			buildActionMask = 2147483647;
			files = (
			);
			runOnlyForDeploymentPostprocessing = 0;
		};
/* End PBXFrameworksBuildPhase section */

/* Begin PBXGroup section */
		CCF41DD31C10345B001FCECC = {
			isa = PBXGroup;
			children = (
				CCF41DDE1C10345B001FCECC /* 04-CustomTableViewCellWithLayoutSubView */,
				CCF41DF81C10345B001FCECC /* 04-CustomTableViewCellWithLayoutSubViewTests */,
				CCF41DDD1C10345B001FCECC /* Products */,
			);
			sourceTree = "<group>";
		};
		CCF41DDD1C10345B001FCECC /* Products */ = {
			isa = PBXGroup;
			children = (
				CCF41DDC1C10345B001FCECC /* 04-CustomTableViewCellWithLayoutSubView.app */,
				CCF41DF51C10345B001FCECC /* 04-CustomTableViewCellWithLayoutSubViewTests.xctest */,
			);
			name = Products;
			sourceTree = "<group>";
		};
		CCF41DDE1C10345B001FCECC /* 04-CustomTableViewCellWithLayoutSubView */ = {
			isa = PBXGroup;
			children = (
				CCF41DE31C10345B001FCECC /* AppDelegate.h */,
				CCF41DE41C10345B001FCECC /* AppDelegate.m */,
				CCF41DE61C10345B001FCECC /* ViewController.h */,
				CCF41DE71C10345B001FCECC /* ViewController.m */,
				CCF41E051C103616001FCECC /* QYTableViewCell.h */,
				CCF41E061C103616001FCECC /* QYTableViewCell.m */,
				CCF41DE91C10345B001FCECC /* Main.storyboard */,
				CCF41DEC1C10345B001FCECC /* Images.xcassets */,
				CCF41DEE1C10345B001FCECC /* LaunchScreen.xib */,
				CCF41DDF1C10345B001FCECC /* Supporting Files */,
			);
			path = "04-CustomTableViewCellWithLayoutSubView";
			sourceTree = "<group>";
		};
		CCF41DDF1C10345B001FCECC /* Supporting Files */ = {
			isa = PBXGroup;
			children = (
				CCF41E081C1039EF001FCECC /* icons */,
				CCF41DE01C10345B001FCECC /* Info.plist */,
				CCF41DE11C10345B001FCECC /* main.m */,
			);
			name = "Supporting Files";
			sourceTree = "<group>";
		};
		CCF41DF81C10345B001FCECC /* 04-CustomTableViewCellWithLayoutSubViewTests */ = {
			isa = PBXGroup;
			children = (
				CCF41DFB1C10345B001FCECC /* _4_CustomTableViewCellWithLayoutSubViewTests.m */,
				CCF41DF91C10345B001FCECC /* Supporting Files */,
			);
			path = "04-CustomTableViewCellWithLayoutSubViewTests";
			sourceTree = "<group>";
		};
		CCF41DF91C10345B001FCECC /* Supporting Files */ = {
			isa = PBXGroup;
			children = (
				CCF41DFA1C10345B001FCECC /* Info.plist */,
			);
			name = "Supporting Files";
			sourceTree = "<group>";
		};
		CCF41E081C1039EF001FCECC /* icons */ = {
			isa = PBXGroup;
			children = (
				CCF41E091C1039EF001FCECC /* icon0.jpg */,
				CCF41E0A1C1039EF001FCECC /* icon1.jpg */,
				CCF41E0B1C1039EF001FCECC /* icon2.jpg */,
				CCF41E0C1C1039EF001FCECC /* icon3.jpg */,
				CCF41E0D1C1039EF001FCECC /* icon4.jpg */,
				CCF41E0E1C1039EF001FCECC /* icon5.jpg */,
			);
			path = icons;
			sourceTree = "<group>";
		};
/* End PBXGroup section */

/* Begin PBXNativeTarget section */
		CCF41DDB1C10345B001FCECC /* 04-CustomTableViewCellWithLayoutSubView */ = {
			isa = PBXNativeTarget;
			buildConfigurationList = CCF41DFF1C10345B001FCECC /* Build configuration list for PBXNativeTarget "04-CustomTableViewCellWithLayoutSubView" */;
			buildPhases = (
				CCF41DD81C10345B001FCECC /* Sources */,
				CCF41DD91C10345B001FCECC /* Frameworks */,
				CCF41DDA1C10345B001FCECC /* Resources */,
			);
			buildRules = (
			);
			dependencies = (
			);
			name = "04-CustomTableViewCellWithLayoutSubView";
			productName = "04-CustomTableViewCellWithLayoutSubView";
			productReference = CCF41DDC1C10345B001FCECC /* 04-CustomTableViewCellWithLayoutSubView.app */;
			productType = "com.apple.product-type.application";
		};
		CCF41DF41C10345B001FCECC /* 04-CustomTableViewCellWithLayoutSubViewTests */ = {
			isa = PBXNativeTarget;
			buildConfigurationList = CCF41E021C10345B001FCECC /* Build configuration list for PBXNativeTarget "04-CustomTableViewCellWithLayoutSubViewTests" */;
			buildPhases = (
				CCF41DF11C10345B001FCECC /* Sources */,
				CCF41DF21C10345B001FCECC /* Frameworks */,
				CCF41DF31C10345B001FCECC /* Resources */,
			);
			buildRules = (
			);
			dependencies = (
				CCF41DF71C10345B001FCECC /* PBXTargetDependency */,
			);
			name = "04-CustomTableViewCellWithLayoutSubViewTests";
			productName = "04-CustomTableViewCellWithLayoutSubViewTests";
			productReference = CCF41DF51C10345B001FCECC /* 04-CustomTableViewCellWithLayoutSubViewTests.xctest */;
			productType = "com.apple.product-type.bundle.unit-test";
		};
/* End PBXNativeTarget section */

/* Begin PBXProject section */
		CCF41DD41C10345B001FCECC /* Project object */ = {
			isa = PBXProject;
			attributes = {
				LastUpgradeCheck = 0630;
				ORGANIZATIONNAME = "河南青云信息技术有限公司";
				TargetAttributes = {
					CCF41DDB1C10345B001FCECC = {
						CreatedOnToolsVersion = 6.3;
					};
					CCF41DF41C10345B001FCECC = {
						CreatedOnToolsVersion = 6.3;
						TestTargetID = CCF41DDB1C10345B001FCECC;
					};
				};
			};
			buildConfigurationList = CCF41DD71C10345B001FCECC /* Build configuration list for PBXProject "04-CustomTableViewCellWithLayoutSubView" */;
			compatibilityVersion = "Xcode 3.2";
			developmentRegion = English;
			hasScannedForEncodings = 0;
			knownRegions = (
				en,
				Base,
			);
			mainGroup = CCF41DD31C10345B001FCECC;
			productRefGroup = CCF41DDD1C10345B001FCECC /* Products */;
			projectDirPath = "";
			projectRoot = "";
			targets = (
				CCF41DDB1C10345B001FCECC /* 04-CustomTableViewCellWithLayoutSubView */,
				CCF41DF41C10345B001FCECC /* 04-CustomTableViewCellWithLayoutSubViewTests */,
			);
		};
/* End PBXProject section */

/* Begin PBXResourcesBuildPhase section */
		CCF41DDA1C10345B001FCECC /* Resources */ = {
			isa = PBXResourcesBuildPhase;
			buildActionMask = 2147483647;
			files = (
				CCF41DEB1C10345B001FCECC /* Main.storyboard in Resources */,
				CCF41E0F1C1039EF001FCECC /* icon0.jpg in Resources */,
				CCF41E121C1039EF001FCECC /* icon3.jpg in Resources */,
				CCF41DF01C10345B001FCECC /* LaunchScreen.xib in Resources */,
				CCF41E101C1039EF001FCECC /* icon1.jpg in Resources */,
				CCF41E131C1039EF001FCECC /* icon4.jpg in Resources */,
				CCF41DED1C10345B001FCECC /* Images.xcassets in Resources */,
				CCF41E111C1039EF001FCECC /* icon2.jpg in Resources */,
				CCF41E141C1039EF001FCECC /* icon5.jpg in Resources */,
			);
			runOnlyForDeploymentPostprocessing = 0;
		};
		CCF41DF31C10345B001FCECC /* Resources */ = {
			isa = PBXResourcesBuildPhase;
			buildActionMask = 2147483647;
			files = (
			);
			runOnlyForDeploymentPostprocessing = 0;
		};
/* End PBXResourcesBuildPhase section */

/* Begin PBXSourcesBuildPhase section */
		CCF41DD81C10345B001FCECC /* Sources */ = {
			isa = PBXSourcesBuildPhase;
			buildActionMask = 2147483647;
			files = (
				CCF41DE81C10345B001FCECC /* ViewController.m in Sources */,
				CCF41E071C103616001FCECC /* QYTableViewCell.m in Sources */,
				CCF41DE51C10345B001FCECC /* AppDelegate.m in Sources */,
				CCF41DE21C10345B001FCECC /* main.m in Sources */,
			);
			runOnlyForDeploymentPostprocessing = 0;
		};
		CCF41DF11C10345B001FCECC /* Sources */ = {
			isa = PBXSourcesBuildPhase;
			buildActionMask = 2147483647;
			files = (
				CCF41DFC1C10345B001FCECC /* _4_CustomTableViewCellWithLayoutSubViewTests.m in Sources */,
			);
			runOnlyForDeploymentPostprocessing = 0;
		};
/* End PBXSourcesBuildPhase section */

/* Begin PBXTargetDependency section */
		CCF41DF71C10345B001FCECC /* PBXTargetDependency */ = {
			isa = PBXTargetDependency;
			target = CCF41DDB1C10345B001FCECC /* 04-CustomTableViewCellWithLayoutSubView */;
			targetProxy = CCF41DF61C10345B001FCECC /* PBXContainerItemProxy */;
		};
/* End PBXTargetDependency section */

/* Begin PBXVariantGroup section */
		CCF41DE91C10345B001FCECC /* Main.storyboard */ = {
			isa = PBXVariantGroup;
			children = (
				CCF41DEA1C10345B001FCECC /* Base */,
			);
			name = Main.storyboard;
			sourceTree = "<group>";
		};
		CCF41DEE1C10345B001FCECC /* LaunchScreen.xib */ = {
			isa = PBXVariantGroup;
			children = (
				CCF41DEF1C10345B001FCECC /* Base */,
			);
			name = LaunchScreen.xib;
			sourceTree = "<group>";
		};
/* End PBXVariantGroup section */

/* Begin XCBuildConfiguration section */
		CCF41DFD1C10345B001FCECC /* Debug */ = {
			isa = XCBuildConfiguration;
			buildSettings = {
				ALWAYS_SEARCH_USER_PATHS = NO;
				CLANG_CXX_LANGUAGE_STANDARD = "gnu++0x";
				CLANG_CXX_LIBRARY = "libc++";
				CLANG_ENABLE_MODULES = YES;
				CLANG_ENABLE_OBJC_ARC = YES;
				CLANG_WARN_BOOL_CONVERSION = YES;
				CLANG_WARN_CONSTANT_CONVERSION = YES;
				CLANG_WARN_DIRECT_OBJC_ISA_USAGE = YES_ERROR;
				CLANG_WARN_EMPTY_BODY = YES;
				CLANG_WARN_ENUM_CONVERSION = YES;
				CLANG_WARN_INT_CONVERSION = YES;
				CLANG_WARN_OBJC_ROOT_CLASS = YES_ERROR;
				CLANG_WARN_UNREACHABLE_CODE = YES;
				CLANG_WARN__DUPLICATE_METHOD_MATCH = YES;
				"CODE_SIGN_IDENTITY[sdk=iphoneos*]" = "iPhone Developer";
				COPY_PHASE_STRIP = NO;
				DEBUG_INFORMATION_FORMAT = "dwarf-with-dsym";
				ENABLE_STRICT_OBJC_MSGSEND = YES;
				GCC_C_LANGUAGE_STANDARD = gnu99;
				GCC_DYNAMIC_NO_PIC = NO;
				GCC_NO_COMMON_BLOCKS = YES;
				GCC_OPTIMIZATION_LEVEL = 0;
				GCC_PREPROCESSOR_DEFINITIONS = (
					"DEBUG=1",
					"$(inherited)",
				);
				GCC_SYMBOLS_PRIVATE_EXTERN = NO;
				GCC_WARN_64_TO_32_BIT_CONVERSION = YES;
				GCC_WARN_ABOUT_RETURN_TYPE = YES_ERROR;
				GCC_WARN_UNDECLARED_SELECTOR = YES;
				GCC_WARN_UNINITIALIZED_AUTOS = YES_AGGRESSIVE;
				GCC_WARN_UNUSED_FUNCTION = YES;
				GCC_WARN_UNUSED_VARIABLE = YES;
				IPHONEOS_DEPLOYMENT_TARGET = 8.3;
				MTL_ENABLE_DEBUG_INFO = YES;
				ONLY_ACTIVE_ARCH = YES;
				SDKROOT = iphoneos;
			};
			name = Debug;
		};
		CCF41DFE1C10345B001FCECC /* Release */ = {
			isa = XCBuildConfiguration;
			buildSettings = {
				ALWAYS_SEARCH_USER_PATHS = NO;
				CLANG_CXX_LANGUAGE_STANDARD = "gnu++0x";
				CLANG_CXX_LIBRARY = "libc++";
				CLANG_ENABLE_MODULES = YES;
				CLANG_ENABLE_OBJC_ARC = YES;
				CLANG_WARN_BOOL_CONVERSION = YES;
				CLANG_WARN_CONSTANT_CONVERSION = YES;
				CLANG_WARN_DIRECT_OBJC_ISA_USAGE = YES_ERROR;
				CLANG_WARN_EMPTY_BODY = YES;
				CLANG_WARN_ENUM_CONVERSION = YES;
				CLANG_WARN_INT_CONVERSION = YES;
				CLANG_WARN_OBJC_ROOT_CLASS = YES_ERROR;
				CLANG_WARN_UNREACHABLE_CODE = YES;
				CLANG_WARN__DUPLICATE_METHOD_MATCH = YES;
				"CODE_SIGN_IDENTITY[sdk=iphoneos*]" = "iPhone Developer";
				COPY_PHASE_STRIP = NO;
				DEBUG_INFORMATION_FORMAT = "dwarf-with-dsym";
				ENABLE_NS_ASSERTIONS = NO;
				ENABLE_STRICT_OBJC_MSGSEND = YES;
				GCC_C_LANGUAGE_STANDARD = gnu99;
				GCC_NO_COMMON_BLOCKS = YES;
				GCC_WARN_64_TO_32_BIT_CONVERSION = YES;
				GCC_WARN_ABOUT_RETURN_TYPE = YES_ERROR;
				GCC_WARN_UNDECLARED_SELECTOR = YES;
				GCC_WARN_UNINITIALIZED_AUTOS = YES_AGGRESSIVE;
				GCC_WARN_UNUSED_FUNCTION = YES;
				GCC_WARN_UNUSED_VARIABLE = YES;
				IPHONEOS_DEPLOYMENT_TARGET = 8.3;
				MTL_ENABLE_DEBUG_INFO = NO;
				SDKROOT = iphoneos;
				VALIDATE_PRODUCT = YES;
			};
			name = Release;
		};
		CCF41E001C10345B001FCECC /* Debug */ = {
			isa = XCBuildConfiguration;
			buildSettings = {
				ASSETCATALOG_COMPILER_APPICON_NAME = AppIcon;
				INFOPLIST_FILE = "04-CustomTableViewCellWithLayoutSubView/Info.plist";
				LD_RUNPATH_SEARCH_PATHS = "$(inherited) @executable_path/Frameworks";
				PRODUCT_NAME = "$(TARGET_NAME)";
			};
			name = Debug;
		};
		CCF41E011C10345B001FCECC /* Release */ = {
			isa = XCBuildConfiguration;
			buildSettings = {
				ASSETCATALOG_COMPILER_APPICON_NAME = AppIcon;
				INFOPLIST_FILE = "04-CustomTableViewCellWithLayoutSubView/Info.plist";
				LD_RUNPATH_SEARCH_PATHS = "$(inherited) @executable_path/Frameworks";
				PRODUCT_NAME = "$(TARGET_NAME)";
			};
			name = Release;
		};
		CCF41E031C10345B001FCECC /* Debug */ = {
			isa = XCBuildConfiguration;
			buildSettings = {
				BUNDLE_LOADER = "$(TEST_HOST)";
				FRAMEWORK_SEARCH_PATHS = (
					"$(SDKROOT)/Developer/Library/Frameworks",
					"$(inherited)",
				);
				GCC_PREPROCESSOR_DEFINITIONS = (
					"DEBUG=1",
					"$(inherited)",
				);
				INFOPLIST_FILE = "04-CustomTableViewCellWithLayoutSubViewTests/Info.plist";
				LD_RUNPATH_SEARCH_PATHS = "$(inherited) @executable_path/Frameworks @loader_path/Frameworks";
				PRODUCT_NAME = "$(TARGET_NAME)";
				TEST_HOST = "$(BUILT_PRODUCTS_DIR)/04-CustomTableViewCellWithLayoutSubView.app/04-CustomTableViewCellWithLayoutSubView";
			};
			name = Debug;
		};
		CCF41E041C10345B001FCECC /* Release */ = {
			isa = XCBuildConfiguration;
			buildSettings = {
				BUNDLE_LOADER = "$(TEST_HOST)";
				FRAMEWORK_SEARCH_PATHS = (
					"$(SDKROOT)/Developer/Library/Frameworks",
					"$(inherited)",
				);
				INFOPLIST_FILE = "04-CustomTableViewCellWithLayoutSubViewTests/Info.plist";
				LD_RUNPATH_SEARCH_PATHS = "$(inherited) @executable_path/Frameworks @loader_path/Frameworks";
				PRODUCT_NAME = "$(TARGET_NAME)";
				TEST_HOST = "$(BUILT_PRODUCTS_DIR)/04-CustomTableViewCellWithLayoutSubView.app/04-CustomTableViewCellWithLayoutSubView";
			};
			name = Release;
		};
/* End XCBuildConfiguration section */

/* Begin XCConfigurationList section */
		CCF41DD71C10345B001FCECC /* Build configuration list for PBXProject "04-CustomTableViewCellWithLayoutSubView" */ = {
			isa = XCConfigurationList;
			buildConfigurations = (
				CCF41DFD1C10345B001FCECC /* Debug */,
				CCF41DFE1C10345B001FCECC /* Release */,
			);
			defaultConfigurationIsVisible = 0;
			defaultConfigurationName = Release;
		};
		CCF41DFF1C10345B001FCECC /* Build configuration list for PBXNativeTarget "04-CustomTableViewCellWithLayoutSubView" */ = {
			isa = XCConfigurationList;
			buildConfigurations = (
				CCF41E001C10345B001FCECC /* Debug */,
				CCF41E011C10345B001FCECC /* Release */,
			);
			defaultConfigurationIsVisible = 0;
		};
		CCF41E021C10345B001FCECC /* Build configuration list for PBXNativeTarget "04-CustomTableViewCellWithLayoutSubViewTests" */ = {
			isa = XCConfigurationList;
			buildConfigurations = (
				CCF41E031C10345B001FCECC /* Debug */,
				CCF41E041C10345B001FCECC /* Release */,
			);
			defaultConfigurationIsVisible = 0;
		};
/* End XCConfigurationList section */
	};
	rootObject = CCF41DD41C10345B001FCECC /* Project object */;
}
