// !$*UTF8*$!
{
	archiveVersion = 1;
	classes = {
	};
	objectVersion = 46;
	objects = {

/* Begin PBXBuildFile section */
		CCF41EAF1C105D58001FCECC /* main.m in Sources */ = {isa = PBXBuildFile; fileRef = CCF41EAE1C105D58001FCECC /* main.m */; };
		CCF41EB21C105D58001FCECC /* AppDelegate.m in Sources */ = {isa = PBXBuildFile; fileRef = CCF41EB11C105D58001FCECC /* AppDelegate.m */; };
		CCF41EB51C105D58001FCECC /* ViewController.m in Sources */ = {isa = PBXBuildFile; fileRef = CCF41EB41C105D58001FCECC /* ViewController.m */; };
		CCF41EB81C105D58001FCECC /* Main.storyboard in Resources */ = {isa = PBXBuildFile; fileRef = CCF41EB61C105D58001FCECC /* Main.storyboard */; };
		CCF41EBA1C105D58001FCECC /* Images.xcassets in Resources */ = {isa = PBXBuildFile; fileRef = CCF41EB91C105D58001FCECC /* Images.xcassets */; };
		CCF41EBD1C105D58001FCECC /* LaunchScreen.xib in Resources */ = {isa = PBXBuildFile; fileRef = CCF41EBB1C105D58001FCECC /* LaunchScreen.xib */; };
		CCF41EC91C105D58001FCECC /* _1_____StoryBoardTests.m in Sources */ = {isa = PBXBuildFile; fileRef = CCF41EC81C105D58001FCECC /* _1_____StoryBoardTests.m */; };
		CCF41EE51C105DA2001FCECC /* icon_00.png in Resources */ = {isa = PBXBuildFile; fileRef = CCF41ED41C105DA2001FCECC /* icon_00.png */; };
		CCF41EE61C105DA2001FCECC /* icon_01.png in Resources */ = {isa = PBXBuildFile; fileRef = CCF41ED51C105DA2001FCECC /* icon_01.png */; };
		CCF41EE71C105DA2001FCECC /* icon_02.png in Resources */ = {isa = PBXBuildFile; fileRef = CCF41ED61C105DA2001FCECC /* icon_02.png */; };
		CCF41EE81C105DA2001FCECC /* icon_03.png in Resources */ = {isa = PBXBuildFile; fileRef = CCF41ED71C105DA2001FCECC /* icon_03.png */; };
		CCF41EE91C105DA2001FCECC /* icon_04.png in Resources */ = {isa = PBXBuildFile; fileRef = CCF41ED81C105DA2001FCECC /* icon_04.png */; };
		CCF41EEA1C105DA2001FCECC /* icon_05.png in Resources */ = {isa = PBXBuildFile; fileRef = CCF41ED91C105DA2001FCECC /* icon_05.png */; };
		CCF41EEB1C105DA2001FCECC /* icon_06.png in Resources */ = {isa = PBXBuildFile; fileRef = CCF41EDA1C105DA2001FCECC /* icon_06.png */; };
		CCF41EEC1C105DA2001FCECC /* icon_07.png in Resources */ = {isa = PBXBuildFile; fileRef = CCF41EDB1C105DA2001FCECC /* icon_07.png */; };
		CCF41EED1C105DA2001FCECC /* icon_08.png in Resources */ = {isa = PBXBuildFile; fileRef = CCF41EDC1C105DA2001FCECC /* icon_08.png */; };
		CCF41EEE1C105DA2001FCECC /* icon_09.png in Resources */ = {isa = PBXBuildFile; fileRef = CCF41EDD1C105DA2001FCECC /* icon_09.png */; };
		CCF41EEF1C105DA2001FCECC /* icon_10.png in Resources */ = {isa = PBXBuildFile; fileRef = CCF41EDE1C105DA2001FCECC /* icon_10.png */; };
		CCF41EF01C105DA2001FCECC /* icon_11.png in Resources */ = {isa = PBXBuildFile; fileRef = CCF41EDF1C105DA2001FCECC /* icon_11.png */; };
		CCF41EF11C105DA2001FCECC /* icon_12.png in Resources */ = {isa = PBXBuildFile; fileRef = CCF41EE01C105DA2001FCECC /* icon_12.png */; };
		CCF41EF21C105DA2001FCECC /* icon_13.png in Resources */ = {isa = PBXBuildFile; fileRef = CCF41EE11C105DA2001FCECC /* icon_13.png */; };
		CCF41EF31C105DA2001FCECC /* icon_14.png in Resources */ = {isa = PBXBuildFile; fileRef = CCF41EE21C105DA2001FCECC /* icon_14.png */; };
		CCF41EF41C105DA2001FCECC /* tg.png in Resources */ = {isa = PBXBuildFile; fileRef = CCF41EE31C105DA2001FCECC /* tg.png */; };
		CCF41EF51C105DA2001FCECC /* tgs.plist in Resources */ = {isa = PBXBuildFile; fileRef = CCF41EE41C105DA2001FCECC /* tgs.plist */; };
		CCF41EF81C105EE3001FCECC /* QYTableViewCell.m in Sources */ = {isa = PBXBuildFile; fileRef = CCF41EF71C105EE3001FCECC /* QYTableViewCell.m */; };
		CCF41EFB1C105EF1001FCECC /* QYModel.m in Sources */ = {isa = PBXBuildFile; fileRef = CCF41EFA1C105EF1001FCECC /* QYModel.m */; };
/* End PBXBuildFile section */

/* Begin PBXContainerItemProxy section */
		CCF41EC31C105D58001FCECC /* PBXContainerItemProxy */ = {
			isa = PBXContainerItemProxy;
			containerPortal = CCF41EA11C105D58001FCECC /* Project object */;
			proxyType = 1;
			remoteGlobalIDString = CCF41EA81C105D58001FCECC;
			remoteInfo = "01-团购作业StoryBoard";
		};
/* End PBXContainerItemProxy section */

/* Begin PBXFileReference section */
		CCF41EA91C105D58001FCECC /* 01-团购作业StoryBoard.app */ = {isa = PBXFileReference; explicitFileType = wrapper.application; includeInIndex = 0; path = "01-团购作业StoryBoard.app"; sourceTree = BUILT_PRODUCTS_DIR; };
		CCF41EAD1C105D58001FCECC /* Info.plist */ = {isa = PBXFileReference; lastKnownFileType = text.plist.xml; path = Info.plist; sourceTree = "<group>"; };
		CCF41EAE1C105D58001FCECC /* main.m */ = {isa = PBXFileReference; lastKnownFileType = sourcecode.c.objc; path = main.m; sourceTree = "<group>"; };
		CCF41EB01C105D58001FCECC /* AppDelegate.h */ = {isa = PBXFileReference; lastKnownFileType = sourcecode.c.h; path = AppDelegate.h; sourceTree = "<group>"; };
		CCF41EB11C105D58001FCECC /* AppDelegate.m */ = {isa = PBXFileReference; lastKnownFileType = sourcecode.c.objc; path = AppDelegate.m; sourceTree = "<group>"; };
		CCF41EB31C105D58001FCECC /* ViewController.h */ = {isa = PBXFileReference; lastKnownFileType = sourcecode.c.h; path = ViewController.h; sourceTree = "<group>"; };
		CCF41EB41C105D58001FCECC /* ViewController.m */ = {isa = PBXFileReference; lastKnownFileType = sourcecode.c.objc; path = ViewController.m; sourceTree = "<group>"; };
		CCF41EB71C105D58001FCECC /* Base */ = {isa = PBXFileReference; lastKnownFileType = file.storyboard; name = Base; path = Base.lproj/Main.storyboard; sourceTree = "<group>"; };
		CCF41EB91C105D58001FCECC /* Images.xcassets */ = {isa = PBXFileReference; lastKnownFileType = folder.assetcatalog; path = Images.xcassets; sourceTree = "<group>"; };
		CCF41EBC1C105D58001FCECC /* Base */ = {isa = PBXFileReference; lastKnownFileType = file.xib; name = Base; path = Base.lproj/LaunchScreen.xib; sourceTree = "<group>"; };
		CCF41EC21C105D58001FCECC /* 01-团购作业StoryBoardTests.xctest */ = {isa = PBXFileReference; explicitFileType = wrapper.cfbundle; includeInIndex = 0; path = "01-团购作业StoryBoardTests.xctest"; sourceTree = BUILT_PRODUCTS_DIR; };
		CCF41EC71C105D58001FCECC /* Info.plist */ = {isa = PBXFileReference; lastKnownFileType = text.plist.xml; path = Info.plist; sourceTree = "<group>"; };
		CCF41EC81C105D58001FCECC /* _1_____StoryBoardTests.m */ = {isa = PBXFileReference; lastKnownFileType = sourcecode.c.objc; path = "_1_____StoryBoardTests.m"; sourceTree = "<group>"; };
		CCF41ED41C105DA2001FCECC /* icon_00.png */ = {isa = PBXFileReference; lastKnownFileType = image.png; path = icon_00.png; sourceTree = "<group>"; };
		CCF41ED51C105DA2001FCECC /* icon_01.png */ = {isa = PBXFileReference; lastKnownFileType = image.png; path = icon_01.png; sourceTree = "<group>"; };
		CCF41ED61C105DA2001FCECC /* icon_02.png */ = {isa = PBXFileReference; lastKnownFileType = image.png; path = icon_02.png; sourceTree = "<group>"; };
		CCF41ED71C105DA2001FCECC /* icon_03.png */ = {isa = PBXFileReference; lastKnownFileType = image.png; path = icon_03.png; sourceTree = "<group>"; };
		CCF41ED81C105DA2001FCECC /* icon_04.png */ = {isa = PBXFileReference; lastKnownFileType = image.png; path = icon_04.png; sourceTree = "<group>"; };
		CCF41ED91C105DA2001FCECC /* icon_05.png */ = {isa = PBXFileReference; lastKnownFileType = image.png; path = icon_05.png; sourceTree = "<group>"; };
		CCF41EDA1C105DA2001FCECC /* icon_06.png */ = {isa = PBXFileReference; lastKnownFileType = image.png; path = icon_06.png; sourceTree = "<group>"; };
		CCF41EDB1C105DA2001FCECC /* icon_07.png */ = {isa = PBXFileReference; lastKnownFileType = image.png; path = icon_07.png; sourceTree = "<group>"; };
		CCF41EDC1C105DA2001FCECC /* icon_08.png */ = {isa = PBXFileReference; lastKnownFileType = image.png; path = icon_08.png; sourceTree = "<group>"; };
		CCF41EDD1C105DA2001FCECC /* icon_09.png */ = {isa = PBXFileReference; lastKnownFileType = image.png; path = icon_09.png; sourceTree = "<group>"; };
		CCF41EDE1C105DA2001FCECC /* icon_10.png */ = {isa = PBXFileReference; lastKnownFileType = image.png; path = icon_10.png; sourceTree = "<group>"; };
		CCF41EDF1C105DA2001FCECC /* icon_11.png */ = {isa = PBXFileReference; lastKnownFileType = image.png; path = icon_11.png; sourceTree = "<group>"; };
		CCF41EE01C105DA2001FCECC /* icon_12.png */ = {isa = PBXFileReference; lastKnownFileType = image.png; path = icon_12.png; sourceTree = "<group>"; };
		CCF41EE11C105DA2001FCECC /* icon_13.png */ = {isa = PBXFileReference; lastKnownFileType = image.png; path = icon_13.png; sourceTree = "<group>"; };
		CCF41EE21C105DA2001FCECC /* icon_14.png */ = {isa = PBXFileReference; lastKnownFileType = image.png; path = icon_14.png; sourceTree = "<group>"; };
		CCF41EE31C105DA2001FCECC /* tg.png */ = {isa = PBXFileReference; lastKnownFileType = image.png; path = tg.png; sourceTree = "<group>"; };
		CCF41EE41C105DA2001FCECC /* tgs.plist */ = {isa = PBXFileReference; fileEncoding = 4; lastKnownFileType = text.plist.xml; path = tgs.plist; sourceTree = "<group>"; };
		CCF41EF61C105EE3001FCECC /* QYTableViewCell.h */ = {isa = PBXFileReference; fileEncoding = 4; lastKnownFileType = sourcecode.c.h; path = QYTableViewCell.h; sourceTree = "<group>"; };
		CCF41EF71C105EE3001FCECC /* QYTableViewCell.m */ = {isa = PBXFileReference; fileEncoding = 4; lastKnownFileType = sourcecode.c.objc; path = QYTableViewCell.m; sourceTree = "<group>"; };
		CCF41EF91C105EF1001FCECC /* QYModel.h */ = {isa = PBXFileReference; fileEncoding = 4; lastKnownFileType = sourcecode.c.h; path = QYModel.h; sourceTree = "<group>"; };
		CCF41EFA1C105EF1001FCECC /* QYModel.m */ = {isa = PBXFileReference; fileEncoding = 4; lastKnownFileType = sourcecode.c.objc; path = QYModel.m; sourceTree = "<group>"; };
/* End PBXFileReference section */

/* Begin PBXFrameworksBuildPhase section */
		CCF41EA61C105D58001FCECC /* Frameworks */ = {
			isa = PBXFrameworksBuildPhase;
			buildActionMask = 2147483647;
			files = (
			);
			runOnlyForDeploymentPostprocessing = 0;
		};
		CCF41EBF1C105D58001FCECC /* Frameworks */ = {
			isa = PBXFrameworksBuildPhase;
			buildActionMask = 2147483647;
			files = (
			);
			runOnlyForDeploymentPostprocessing = 0;
		};
/* End PBXFrameworksBuildPhase section */

/* Begin PBXGroup section */
		CCF41EA01C105D58001FCECC = {
			isa = PBXGroup;
			children = (
				CCF41EAB1C105D58001FCECC /* 01-团购作业StoryBoard */,
				CCF41EC51C105D58001FCECC /* 01-团购作业StoryBoardTests */,
				CCF41EAA1C105D58001FCECC /* Products */,
			);
			sourceTree = "<group>";
		};
		CCF41EAA1C105D58001FCECC /* Products */ = {
			isa = PBXGroup;
			children = (
				CCF41EA91C105D58001FCECC /* 01-团购作业StoryBoard.app */,
				CCF41EC21C105D58001FCECC /* 01-团购作业StoryBoardTests.xctest */,
			);
			name = Products;
			sourceTree = "<group>";
		};
		CCF41EAB1C105D58001FCECC /* 01-团购作业StoryBoard */ = {
			isa = PBXGroup;
			children = (
				CCF41EB01C105D58001FCECC /* AppDelegate.h */,
				CCF41EB11C105D58001FCECC /* AppDelegate.m */,
				CCF41EB31C105D58001FCECC /* ViewController.h */,
				CCF41EB41C105D58001FCECC /* ViewController.m */,
				CCF41EB61C105D58001FCECC /* Main.storyboard */,
				CCF41EF61C105EE3001FCECC /* QYTableViewCell.h */,
				CCF41EF71C105EE3001FCECC /* QYTableViewCell.m */,
				CCF41EF91C105EF1001FCECC /* QYModel.h */,
				CCF41EFA1C105EF1001FCECC /* QYModel.m */,
				CCF41EB91C105D58001FCECC /* Images.xcassets */,
				CCF41EBB1C105D58001FCECC /* LaunchScreen.xib */,
				CCF41EAC1C105D58001FCECC /* Supporting Files */,
			);
			path = "01-团购作业StoryBoard";
			sourceTree = "<group>";
		};
		CCF41EAC1C105D58001FCECC /* Supporting Files */ = {
			isa = PBXGroup;
			children = (
				CCF41ED21C105DA2001FCECC /* tg */,
				CCF41EAD1C105D58001FCECC /* Info.plist */,
				CCF41EAE1C105D58001FCECC /* main.m */,
			);
			name = "Supporting Files";
			sourceTree = "<group>";
		};
		CCF41EC51C105D58001FCECC /* 01-团购作业StoryBoardTests */ = {
			isa = PBXGroup;
			children = (
				CCF41EC81C105D58001FCECC /* _1_____StoryBoardTests.m */,
				CCF41EC61C105D58001FCECC /* Supporting Files */,
			);
			path = "01-团购作业StoryBoardTests";
			sourceTree = "<group>";
		};
		CCF41EC61C105D58001FCECC /* Supporting Files */ = {
			isa = PBXGroup;
			children = (
				CCF41EC71C105D58001FCECC /* Info.plist */,
			);
			name = "Supporting Files";
			sourceTree = "<group>";
		};
		CCF41ED21C105DA2001FCECC /* tg */ = {
			isa = PBXGroup;
			children = (
				CCF41ED31C105DA2001FCECC /* icons */,
				CCF41EE31C105DA2001FCECC /* tg.png */,
				CCF41EE41C105DA2001FCECC /* tgs.plist */,
			);
			path = tg;
			sourceTree = "<group>";
		};
		CCF41ED31C105DA2001FCECC /* icons */ = {
			isa = PBXGroup;
			children = (
				CCF41ED41C105DA2001FCECC /* icon_00.png */,
				CCF41ED51C105DA2001FCECC /* icon_01.png */,
				CCF41ED61C105DA2001FCECC /* icon_02.png */,
				CCF41ED71C105DA2001FCECC /* icon_03.png */,
				CCF41ED81C105DA2001FCECC /* icon_04.png */,
				CCF41ED91C105DA2001FCECC /* icon_05.png */,
				CCF41EDA1C105DA2001FCECC /* icon_06.png */,
				CCF41EDB1C105DA2001FCECC /* icon_07.png */,
				CCF41EDC1C105DA2001FCECC /* icon_08.png */,
				CCF41EDD1C105DA2001FCECC /* icon_09.png */,
				CCF41EDE1C105DA2001FCECC /* icon_10.png */,
				CCF41EDF1C105DA2001FCECC /* icon_11.png */,
				CCF41EE01C105DA2001FCECC /* icon_12.png */,
				CCF41EE11C105DA2001FCECC /* icon_13.png */,
				CCF41EE21C105DA2001FCECC /* icon_14.png */,
			);
			path = icons;
			sourceTree = "<group>";
		};
/* End PBXGroup section */

/* Begin PBXNativeTarget section */
		CCF41EA81C105D58001FCECC /* 01-团购作业StoryBoard */ = {
			isa = PBXNativeTarget;
			buildConfigurationList = CCF41ECC1C105D58001FCECC /* Build configuration list for PBXNativeTarget "01-团购作业StoryBoard" */;
			buildPhases = (
				CCF41EA51C105D58001FCECC /* Sources */,
				CCF41EA61C105D58001FCECC /* Frameworks */,
				CCF41EA71C105D58001FCECC /* Resources */,
			);
			buildRules = (
			);
			dependencies = (
			);
			name = "01-团购作业StoryBoard";
			productName = "01-团购作业StoryBoard";
			productReference = CCF41EA91C105D58001FCECC /* 01-团购作业StoryBoard.app */;
			productType = "com.apple.product-type.application";
		};
		CCF41EC11C105D58001FCECC /* 01-团购作业StoryBoardTests */ = {
			isa = PBXNativeTarget;
			buildConfigurationList = CCF41ECF1C105D58001FCECC /* Build configuration list for PBXNativeTarget "01-团购作业StoryBoardTests" */;
			buildPhases = (
				CCF41EBE1C105D58001FCECC /* Sources */,
				CCF41EBF1C105D58001FCECC /* Frameworks */,
				CCF41EC01C105D58001FCECC /* Resources */,
			);
			buildRules = (
			);
			dependencies = (
				CCF41EC41C105D58001FCECC /* PBXTargetDependency */,
			);
			name = "01-团购作业StoryBoardTests";
			productName = "01-团购作业StoryBoardTests";
			productReference = CCF41EC21C105D58001FCECC /* 01-团购作业StoryBoardTests.xctest */;
			productType = "com.apple.product-type.bundle.unit-test";
		};
/* End PBXNativeTarget section */

/* Begin PBXProject section */
		CCF41EA11C105D58001FCECC /* Project object */ = {
			isa = PBXProject;
			attributes = {
				LastUpgradeCheck = 0630;
				ORGANIZATIONNAME = "河南青云信息技术有限公司";
				TargetAttributes = {
					CCF41EA81C105D58001FCECC = {
						CreatedOnToolsVersion = 6.3;
					};
					CCF41EC11C105D58001FCECC = {
						CreatedOnToolsVersion = 6.3;
						TestTargetID = CCF41EA81C105D58001FCECC;
					};
				};
			};
			buildConfigurationList = CCF41EA41C105D58001FCECC /* Build configuration list for PBXProject "01-团购作业StoryBoard" */;
			compatibilityVersion = "Xcode 3.2";
			developmentRegion = English;
			hasScannedForEncodings = 0;
			knownRegions = (
				en,
				Base,
			);
			mainGroup = CCF41EA01C105D58001FCECC;
			productRefGroup = CCF41EAA1C105D58001FCECC /* Products */;
			projectDirPath = "";
			projectRoot = "";
			targets = (
				CCF41EA81C105D58001FCECC /* 01-团购作业StoryBoard */,
				CCF41EC11C105D58001FCECC /* 01-团购作业StoryBoardTests */,
			);
		};
/* End PBXProject section */

/* Begin PBXResourcesBuildPhase section */
		CCF41EA71C105D58001FCECC /* Resources */ = {
			isa = PBXResourcesBuildPhase;
			buildActionMask = 2147483647;
			files = (
				CCF41EE81C105DA2001FCECC /* icon_03.png in Resources */,
				CCF41EF31C105DA2001FCECC /* icon_14.png in Resources */,
				CCF41EF21C105DA2001FCECC /* icon_13.png in Resources */,
				CCF41EB81C105D58001FCECC /* Main.storyboard in Resources */,
				CCF41EE91C105DA2001FCECC /* icon_04.png in Resources */,
				CCF41EF51C105DA2001FCECC /* tgs.plist in Resources */,
				CCF41EBD1C105D58001FCECC /* LaunchScreen.xib in Resources */,
				CCF41EEB1C105DA2001FCECC /* icon_06.png in Resources */,
				CCF41EEA1C105DA2001FCECC /* icon_05.png in Resources */,
				CCF41EEC1C105DA2001FCECC /* icon_07.png in Resources */,
				CCF41EF41C105DA2001FCECC /* tg.png in Resources */,
				CCF41EF01C105DA2001FCECC /* icon_11.png in Resources */,
				CCF41EE51C105DA2001FCECC /* icon_00.png in Resources */,
				CCF41EF11C105DA2001FCECC /* icon_12.png in Resources */,
				CCF41EBA1C105D58001FCECC /* Images.xcassets in Resources */,
				CCF41EE71C105DA2001FCECC /* icon_02.png in Resources */,
				CCF41EEE1C105DA2001FCECC /* icon_09.png in Resources */,
				CCF41EED1C105DA2001FCECC /* icon_08.png in Resources */,
				CCF41EE61C105DA2001FCECC /* icon_01.png in Resources */,
				CCF41EEF1C105DA2001FCECC /* icon_10.png in Resources */,
			);
			runOnlyForDeploymentPostprocessing = 0;
		};
		CCF41EC01C105D58001FCECC /* Resources */ = {
			isa = PBXResourcesBuildPhase;
			buildActionMask = 2147483647;
			files = (
			);
			runOnlyForDeploymentPostprocessing = 0;
		};
/* End PBXResourcesBuildPhase section */

/* Begin PBXSourcesBuildPhase section */
		CCF41EA51C105D58001FCECC /* Sources */ = {
			isa = PBXSourcesBuildPhase;
			buildActionMask = 2147483647;
			files = (
				CCF41EB51C105D58001FCECC /* ViewController.m in Sources */,
				CCF41EF81C105EE3001FCECC /* QYTableViewCell.m in Sources */,
				CCF41EB21C105D58001FCECC /* AppDelegate.m in Sources */,
				CCF41EAF1C105D58001FCECC /* main.m in Sources */,
				CCF41EFB1C105EF1001FCECC /* QYModel.m in Sources */,
			);
			runOnlyForDeploymentPostprocessing = 0;
		};
		CCF41EBE1C105D58001FCECC /* Sources */ = {
			isa = PBXSourcesBuildPhase;
			buildActionMask = 2147483647;
			files = (
				CCF41EC91C105D58001FCECC /* _1_____StoryBoardTests.m in Sources */,
			);
			runOnlyForDeploymentPostprocessing = 0;
		};
/* End PBXSourcesBuildPhase section */

/* Begin PBXTargetDependency section */
		CCF41EC41C105D58001FCECC /* PBXTargetDependency */ = {
			isa = PBXTargetDependency;
			target = CCF41EA81C105D58001FCECC /* 01-团购作业StoryBoard */;
			targetProxy = CCF41EC31C105D58001FCECC /* PBXContainerItemProxy */;
		};
/* End PBXTargetDependency section */

/* Begin PBXVariantGroup section */
		CCF41EB61C105D58001FCECC /* Main.storyboard */ = {
			isa = PBXVariantGroup;
			children = (
				CCF41EB71C105D58001FCECC /* Base */,
			);
			name = Main.storyboard;
			sourceTree = "<group>";
		};
		CCF41EBB1C105D58001FCECC /* LaunchScreen.xib */ = {
			isa = PBXVariantGroup;
			children = (
				CCF41EBC1C105D58001FCECC /* Base */,
			);
			name = LaunchScreen.xib;
			sourceTree = "<group>";
		};
/* End PBXVariantGroup section */

/* Begin XCBuildConfiguration section */
		CCF41ECA1C105D58001FCECC /* Debug */ = {
			isa = XCBuildConfiguration;
			buildSettings = {
				ALWAYS_SEARCH_USER_PATHS = NO;
				CLANG_CXX_LANGUAGE_STANDARD = "gnu++0x";
				CLANG_CXX_LIBRARY = "libc++";
				CLANG_ENABLE_MODULES = YES;
				CLANG_ENABLE_OBJC_ARC = YES;
				CLANG_WARN_BOOL_CONVERSION = YES;
				CLANG_WARN_CONSTANT_CONVERSION = YES;
				CLANG_WARN_DIRECT_OBJC_ISA_USAGE = YES_ERROR;
				CLANG_WARN_EMPTY_BODY = YES;
				CLANG_WARN_ENUM_CONVERSION = YES;
				CLANG_WARN_INT_CONVERSION = YES;
				CLANG_WARN_OBJC_ROOT_CLASS = YES_ERROR;
				CLANG_WARN_UNREACHABLE_CODE = YES;
				CLANG_WARN__DUPLICATE_METHOD_MATCH = YES;
				"CODE_SIGN_IDENTITY[sdk=iphoneos*]" = "iPhone Developer";
				COPY_PHASE_STRIP = NO;
				DEBUG_INFORMATION_FORMAT = "dwarf-with-dsym";
				ENABLE_STRICT_OBJC_MSGSEND = YES;
				GCC_C_LANGUAGE_STANDARD = gnu99;
				GCC_DYNAMIC_NO_PIC = NO;
				GCC_NO_COMMON_BLOCKS = YES;
				GCC_OPTIMIZATION_LEVEL = 0;
				GCC_PREPROCESSOR_DEFINITIONS = (
					"DEBUG=1",
					"$(inherited)",
				);
				GCC_SYMBOLS_PRIVATE_EXTERN = NO;
				GCC_WARN_64_TO_32_BIT_CONVERSION = YES;
				GCC_WARN_ABOUT_RETURN_TYPE = YES_ERROR;
				GCC_WARN_UNDECLARED_SELECTOR = YES;
				GCC_WARN_UNINITIALIZED_AUTOS = YES_AGGRESSIVE;
				GCC_WARN_UNUSED_FUNCTION = YES;
				GCC_WARN_UNUSED_VARIABLE = YES;
				IPHONEOS_DEPLOYMENT_TARGET = 8.3;
				MTL_ENABLE_DEBUG_INFO = YES;
				ONLY_ACTIVE_ARCH = YES;
				SDKROOT = iphoneos;
			};
			name = Debug;
		};
		CCF41ECB1C105D58001FCECC /* Release */ = {
			isa = XCBuildConfiguration;
			buildSettings = {
				ALWAYS_SEARCH_USER_PATHS = NO;
				CLANG_CXX_LANGUAGE_STANDARD = "gnu++0x";
				CLANG_CXX_LIBRARY = "libc++";
				CLANG_ENABLE_MODULES = YES;
				CLANG_ENABLE_OBJC_ARC = YES;
				CLANG_WARN_BOOL_CONVERSION = YES;
				CLANG_WARN_CONSTANT_CONVERSION = YES;
				CLANG_WARN_DIRECT_OBJC_ISA_USAGE = YES_ERROR;
				CLANG_WARN_EMPTY_BODY = YES;
				CLANG_WARN_ENUM_CONVERSION = YES;
				CLANG_WARN_INT_CONVERSION = YES;
				CLANG_WARN_OBJC_ROOT_CLASS = YES_ERROR;
				CLANG_WARN_UNREACHABLE_CODE = YES;
				CLANG_WARN__DUPLICATE_METHOD_MATCH = YES;
				"CODE_SIGN_IDENTITY[sdk=iphoneos*]" = "iPhone Developer";
				COPY_PHASE_STRIP = NO;
				DEBUG_INFORMATION_FORMAT = "dwarf-with-dsym";
				ENABLE_NS_ASSERTIONS = NO;
				ENABLE_STRICT_OBJC_MSGSEND = YES;
				GCC_C_LANGUAGE_STANDARD = gnu99;
				GCC_NO_COMMON_BLOCKS = YES;
				GCC_WARN_64_TO_32_BIT_CONVERSION = YES;
				GCC_WARN_ABOUT_RETURN_TYPE = YES_ERROR;
				GCC_WARN_UNDECLARED_SELECTOR = YES;
				GCC_WARN_UNINITIALIZED_AUTOS = YES_AGGRESSIVE;
				GCC_WARN_UNUSED_FUNCTION = YES;
				GCC_WARN_UNUSED_VARIABLE = YES;
				IPHONEOS_DEPLOYMENT_TARGET = 8.3;
				MTL_ENABLE_DEBUG_INFO = NO;
				SDKROOT = iphoneos;
				VALIDATE_PRODUCT = YES;
			};
			name = Release;
		};
		CCF41ECD1C105D58001FCECC /* Debug */ = {
			isa = XCBuildConfiguration;
			buildSettings = {
				ASSETCATALOG_COMPILER_APPICON_NAME = AppIcon;
				INFOPLIST_FILE = "01-团购作业StoryBoard/Info.plist";
				LD_RUNPATH_SEARCH_PATHS = "$(inherited) @executable_path/Frameworks";
				PRODUCT_NAME = "$(TARGET_NAME)";
			};
			name = Debug;
		};
		CCF41ECE1C105D58001FCECC /* Release */ = {
			isa = XCBuildConfiguration;
			buildSettings = {
				ASSETCATALOG_COMPILER_APPICON_NAME = AppIcon;
				INFOPLIST_FILE = "01-团购作业StoryBoard/Info.plist";
				LD_RUNPATH_SEARCH_PATHS = "$(inherited) @executable_path/Frameworks";
				PRODUCT_NAME = "$(TARGET_NAME)";
			};
			name = Release;
		};
		CCF41ED01C105D58001FCECC /* Debug */ = {
			isa = XCBuildConfiguration;
			buildSettings = {
				BUNDLE_LOADER = "$(TEST_HOST)";
				FRAMEWORK_SEARCH_PATHS = (
					"$(SDKROOT)/Developer/Library/Frameworks",
					"$(inherited)",
				);
				GCC_PREPROCESSOR_DEFINITIONS = (
					"DEBUG=1",
					"$(inherited)",
				);
				INFOPLIST_FILE = "01-团购作业StoryBoardTests/Info.plist";
				LD_RUNPATH_SEARCH_PATHS = "$(inherited) @executable_path/Frameworks @loader_path/Frameworks";
				PRODUCT_NAME = "$(TARGET_NAME)";
				TEST_HOST = "$(BUILT_PRODUCTS_DIR)/01-团购作业StoryBoard.app/01-团购作业StoryBoard";
			};
			name = Debug;
		};
		CCF41ED11C105D58001FCECC /* Release */ = {
			isa = XCBuildConfiguration;
			buildSettings = {
				BUNDLE_LOADER = "$(TEST_HOST)";
				FRAMEWORK_SEARCH_PATHS = (
					"$(SDKROOT)/Developer/Library/Frameworks",
					"$(inherited)",
				);
				INFOPLIST_FILE = "01-团购作业StoryBoardTests/Info.plist";
				LD_RUNPATH_SEARCH_PATHS = "$(inherited) @executable_path/Frameworks @loader_path/Frameworks";
				PRODUCT_NAME = "$(TARGET_NAME)";
				TEST_HOST = "$(BUILT_PRODUCTS_DIR)/01-团购作业StoryBoard.app/01-团购作业StoryBoard";
			};
			name = Release;
		};
/* End XCBuildConfiguration section */

/* Begin XCConfigurationList section */
		CCF41EA41C105D58001FCECC /* Build configuration list for PBXProject "01-团购作业StoryBoard" */ = {
			isa = XCConfigurationList;
			buildConfigurations = (
				CCF41ECA1C105D58001FCECC /* Debug */,
				CCF41ECB1C105D58001FCECC /* Release */,
			);
			defaultConfigurationIsVisible = 0;
			defaultConfigurationName = Release;
		};
		CCF41ECC1C105D58001FCECC /* Build configuration list for PBXNativeTarget "01-团购作业StoryBoard" */ = {
			isa = XCConfigurationList;
			buildConfigurations = (
				CCF41ECD1C105D58001FCECC /* Debug */,
				CCF41ECE1C105D58001FCECC /* Release */,
			);
			defaultConfigurationIsVisible = 0;
		};
		CCF41ECF1C105D58001FCECC /* Build configuration list for PBXNativeTarget "01-团购作业StoryBoardTests" */ = {
			isa = XCConfigurationList;
			buildConfigurations = (
				CCF41ED01C105D58001FCECC /* Debug */,
				CCF41ED11C105D58001FCECC /* Release */,
			);
			defaultConfigurationIsVisible = 0;
		};
/* End XCConfigurationList section */
	};
	rootObject = CCF41EA11C105D58001FCECC /* Project object */;
}
